
Microsoft Visual Studio Solution File, Format Version 12.00
# Visual Studio 15
VisualStudioVersion = 15.0.28010.2036
MinimumVisualStudioVersion = 10.0.40219.1
Project("{9A19103F-16F7-4668-BE54-9A1E7A4F7556}") = "Double-ended queue-console", "Double-ended queue\Double-ended queue-console.csproj", "{9330608D-68DC-423A-B632-F4FB28376A7E}"
EndProject
Project("{9A19103F-16F7-4668-BE54-9A1E7A4F7556}") = "Double-ended queue-library", "Double-ended queue-library\Double-ended queue-library.csproj", "{B669C9CE-7353-4042-B5D1-BA999F1CC7F0}"
EndProject
Project("{FAE04EC0-301F-11D3-BF4B-00C04F79EFBC}") = "Double-ended queue Unit Tests", "Double-ended queue Unit Tests\Double-ended queue Unit Tests.csproj", "{172413EC-B275-4838-85FB-C3BE1C940E20}"
EndProject
Global
	GlobalSection(SolutionConfigurationPlatforms) = preSolution
		Debug|Any CPU = Debug|Any CPU
		Release|Any CPU = Release|Any CPU
	EndGlobalSection
	GlobalSection(ProjectConfigurationPlatforms) = postSolution
		{9330608D-68DC-423A-B632-F4FB28376A7E}.Debug|Any CPU.ActiveCfg = Debug|Any CPU
		{9330608D-68DC-423A-B632-F4FB28376A7E}.Debug|Any CPU.Build.0 = Debug|Any CPU
		{9330608D-68DC-423A-B632-F4FB28376A7E}.Release|Any CPU.ActiveCfg = Release|Any CPU
		{9330608D-68DC-423A-B632-F4FB28376A7E}.Release|Any CPU.Build.0 = Release|Any CPU
		{B669C9CE-7353-4042-B5D1-BA999F1CC7F0}.Debug|Any CPU.ActiveCfg = Debug|Any CPU
		{B669C9CE-7353-4042-B5D1-BA999F1CC7F0}.Debug|Any CPU.Build.0 = Debug|Any CPU
		{B669C9CE-7353-4042-B5D1-BA999F1CC7F0}.Release|Any CPU.ActiveCfg = Release|Any CPU
		{B669C9CE-7353-4042-B5D1-BA999F1CC7F0}.Release|Any CPU.Build.0 = Release|Any CPU
		{172413EC-B275-4838-85FB-C3BE1C940E20}.Debug|Any CPU.ActiveCfg = Debug|Any CPU
		{172413EC-B275-4838-85FB-C3BE1C940E20}.Debug|Any CPU.Build.0 = Debug|Any CPU
		{172413EC-B275-4838-85FB-C3BE1C940E20}.Release|Any CPU.ActiveCfg = Release|Any CPU
		{172413EC-B275-4838-85FB-C3BE1C940E20}.Release|Any CPU.Build.0 = Release|Any CPU
	EndGlobalSection
	GlobalSection(SolutionProperties) = preSolution
		HideSolutionNode = FALSE
	EndGlobalSection
	GlobalSection(ExtensibilityGlobals) = postSolution
		SolutionGuid = {80BF44A5-9DB8-4240-A5D2-0865BCAD0EC1}
	EndGlobalSection
EndGlobal
